
Microsoft Visual Studio Solution File, Format Version 12.00
# Visual Studio Version 16
VisualStudioVersion = 16.0.30503.244
MinimumVisualStudioVersion = 10.0.40219.1
Project("{FAE04EC0-301F-11D3-BF4B-00C04F79EFBC}") = "Functions5.2", "Functions5.2\Functions5.2.csproj", "{5BEFD08B-1FE1-4329-AE00-8440D13DB778}"
EndProject
Global
	GlobalSection(SolutionConfigurationPlatforms) = preSolution
		Debug|Any CPU = Debug|Any CPU
		Release|Any CPU = Release|Any CPU
	EndGlobalSection
	GlobalSection(ProjectConfigurationPlatforms) = postSolution
		{5BEFD08B-1FE1-4329-AE00-8440D13DB778}.Debug|Any CPU.ActiveCfg = Debug|Any CPU
		{5BEFD08B-1FE1-4329-AE00-8440D13DB778}.Debug|Any CPU.Build.0 = Debug|Any CPU
		{5BEFD08B-1FE1-4329-AE00-8440D13DB778}.Release|Any CPU.ActiveCfg = Release|Any CPU
		{5BEFD08B-1FE1-4329-AE00-8440D13DB778}.Release|Any CPU.Build.0 = Release|Any CPU
	EndGlobalSection
	GlobalSection(SolutionProperties) = preSolution
		HideSolutionNode = FALSE
	EndGlobalSection
	GlobalSection(ExtensibilityGlobals) = postSolution
		SolutionGuid = {68C1F033-37A2-4A0C-9E43-B01E0A5F37FC}
	EndGlobalSection
EndGlobal
